
Microsoft Visual Studio Solution File, Format Version 12.00
# Visual Studio Version 17
VisualStudioVersion = 17.8.34316.72
MinimumVisualStudioVersion = 10.0.40219.1
Project("{FAE04EC0-301F-11D3-BF4B-00C04F79EFBC}") = "Api", "Api\Api.csproj", "{789DB00E-669F-47D8-9465-3F7CFF62A572}"
EndProject
Project("{FAE04EC0-301F-11D3-BF4B-00C04F79EFBC}") = "Modelo", "Modelo\Modelo.csproj", "{F738E12B-FAAC-466F-8EC2-132810B3687A}"
EndProject
Project("{FAE04EC0-301F-11D3-BF4B-00C04F79EFBC}") = "Data", "Data\Data.csproj", "{CACE5AB0-8ED3-4790-BD46-C1DDF07F3C7E}"
EndProject
Global
	GlobalSection(SolutionConfigurationPlatforms) = preSolution
		Debug|Any CPU = Debug|Any CPU
		Release|Any CPU = Release|Any CPU
	EndGlobalSection
	GlobalSection(ProjectConfigurationPlatforms) = postSolution
		{789DB00E-669F-47D8-9465-3F7CFF62A572}.Debug|Any CPU.ActiveCfg = Debug|Any CPU
		{789DB00E-669F-47D8-9465-3F7CFF62A572}.Debug|Any CPU.Build.0 = Debug|Any CPU
		{789DB00E-669F-47D8-9465-3F7CFF62A572}.Release|Any CPU.ActiveCfg = Release|Any CPU
		{789DB00E-669F-47D8-9465-3F7CFF62A572}.Release|Any CPU.Build.0 = Release|Any CPU
		{F738E12B-FAAC-466F-8EC2-132810B3687A}.Debug|Any CPU.ActiveCfg = Debug|Any CPU
		{F738E12B-FAAC-466F-8EC2-132810B3687A}.Debug|Any CPU.Build.0 = Debug|Any CPU
		{F738E12B-FAAC-466F-8EC2-132810B3687A}.Release|Any CPU.ActiveCfg = Release|Any CPU
		{F738E12B-FAAC-466F-8EC2-132810B3687A}.Release|Any CPU.Build.0 = Release|Any CPU
		{CACE5AB0-8ED3-4790-BD46-C1DDF07F3C7E}.Debug|Any CPU.ActiveCfg = Debug|Any CPU
		{CACE5AB0-8ED3-4790-BD46-C1DDF07F3C7E}.Debug|Any CPU.Build.0 = Debug|Any CPU
		{CACE5AB0-8ED3-4790-BD46-C1DDF07F3C7E}.Release|Any CPU.ActiveCfg = Release|Any CPU
		{CACE5AB0-8ED3-4790-BD46-C1DDF07F3C7E}.Release|Any CPU.Build.0 = Release|Any CPU
	EndGlobalSection
	GlobalSection(SolutionProperties) = preSolution
		HideSolutionNode = FALSE
	EndGlobalSection
	GlobalSection(ExtensibilityGlobals) = postSolution
		SolutionGuid = {B7112916-9F62-4A4D-9E36-0F7A818AA65C}
	EndGlobalSection
EndGlobal
